// !$*UTF8*$!
{
	archiveVersion = 1;
	classes = {
	};
	objectVersion = 55;
	objects = {

/* Begin PBXBuildFile section */
		C01138C029D9FAFB0003486A /* lab8_part2.c in Sources */ = {isa = PBXBuildFile; fileRef = C01138BF29D9FAFB0003486A /* lab8_part2.c */; };
		C06E0CC529B1432100F6301C /* lab6_q1.c in Sources */ = {isa = PBXBuildFile; fileRef = C06E0CC429B1432000F6301C /* lab6_q1.c */; };
		C06E0CC729B2B20700F6301C /* lab6_q2.c in Sources */ = {isa = PBXBuildFile; fileRef = C06E0CC629B2B20700F6301C /* lab6_q2.c */; };
		C06E0CC929B2B21A00F6301C /* lab6_q3.c in Sources */ = {isa = PBXBuildFile; fileRef = C06E0CC829B2B21A00F6301C /* lab6_q3.c */; };
		C06E0CCB29B2B23400F6301C /* lab6_q4.c in Sources */ = {isa = PBXBuildFile; fileRef = C06E0CCA29B2B23400F6301C /* lab6_q4.c */; };
		C0837E7329D530E800CA6DEA /* reversi.c in Sources */ = {isa = PBXBuildFile; fileRef = C0837E7229D530E800CA6DEA /* reversi.c */; };
		C0837E7729D5C21A00CA6DEA /* lab8.c in Sources */ = {isa = PBXBuildFile; fileRef = C0837E7629D5C21A00CA6DEA /* lab8.c */; };
		C0C8344E296B942F00CF26A7 /* lab0.c in Sources */ = {isa = PBXBuildFile; fileRef = C0C8344D296B942F00CF26A7 /* lab0.c */; };
		C0CC9EBB299A7FBF00801D7F /* lab5.c in Sources */ = {isa = PBXBuildFile; fileRef = C0CC9EBA299A7FBF00801D7F /* lab5.c */; };
		C0CC9EC0299C3FFF00801D7F /* lab5_q2.c in Sources */ = {isa = PBXBuildFile; fileRef = C0CC9EBF299C3FFF00801D7F /* lab5_q2.c */; };
		C0CC9EC3299C50F800801D7F /* lab5_q3.c in Sources */ = {isa = PBXBuildFile; fileRef = C0CC9EC2299C50F800801D7F /* lab5_q3.c */; };
		C0CC9EC529A2F3ED00801D7F /* lab5_q4.c in Sources */ = {isa = PBXBuildFile; fileRef = C0CC9EC429A2F3ED00801D7F /* lab5_q4.c */; };
		C0E42D5729735C0700C5B7CF /* lab1.c in Sources */ = {isa = PBXBuildFile; fileRef = C0E42D5629735C0700C5B7CF /* lab1.c */; };
		C0E42D5F297EFBB700C5B7CF /* lab2.c in Sources */ = {isa = PBXBuildFile; fileRef = C0E42D5E297EFBB700C5B7CF /* lab2.c */; };
		C0E42D65298AC33300C5B7CF /* lab3.c in Sources */ = {isa = PBXBuildFile; fileRef = C0E42D64298AC33300C5B7CF /* lab3.c */; };
		C0E42D6729940F6900C5B7CF /* lab4.c in Sources */ = {isa = PBXBuildFile; fileRef = C0E42D6629940F6900C5B7CF /* lab4.c */; };
		C0E42D6A2997D8DA00C5B7CF /* lab4_q2.c in Sources */ = {isa = PBXBuildFile; fileRef = C0E42D692997D8DA00C5B7CF /* lab4_q2.c */; };
		C0E42D6C2997E03E00C5B7CF /* lab4_q3.c in Sources */ = {isa = PBXBuildFile; fileRef = C0E42D6B2997E03E00C5B7CF /* lab4_q3.c */; };
		C0E42D6E2997E3F600C5B7CF /* lab4_test.c in Sources */ = {isa = PBXBuildFile; fileRef = C0E42D6D2997E3F600C5B7CF /* lab4_test.c */; };
/* End PBXBuildFile section */

/* Begin PBXCopyFilesBuildPhase section */
		C0C83441296B939400CF26A7 /* CopyFiles */ = {
			isa = PBXCopyFilesBuildPhase;
			buildActionMask = 2147483647;
			dstPath = /usr/share/man/man1/;
			dstSubfolderSpec = 0;
			files = (
			);
			runOnlyForDeploymentPostprocessing = 1;
		};
/* End PBXCopyFilesBuildPhase section */

/* Begin PBXFileReference section */
		C01138BF29D9FAFB0003486A /* lab8_part2.c */ = {isa = PBXFileReference; lastKnownFileType = sourcecode.c.c; path = lab8_part2.c; sourceTree = "<group>"; };
		C06E0CC429B1432000F6301C /* lab6_q1.c */ = {isa = PBXFileReference; lastKnownFileType = sourcecode.c.c; path = lab6_q1.c; sourceTree = "<group>"; };
		C06E0CC629B2B20700F6301C /* lab6_q2.c */ = {isa = PBXFileReference; lastKnownFileType = sourcecode.c.c; path = lab6_q2.c; sourceTree = "<group>"; };
		C06E0CC829B2B21A00F6301C /* lab6_q3.c */ = {isa = PBXFileReference; lastKnownFileType = sourcecode.c.c; path = lab6_q3.c; sourceTree = "<group>"; };
		C06E0CCA29B2B23400F6301C /* lab6_q4.c */ = {isa = PBXFileReference; lastKnownFileType = sourcecode.c.c; path = lab6_q4.c; sourceTree = "<group>"; };
		C0837E7129D530E800CA6DEA /* reversi.h */ = {isa = PBXFileReference; lastKnownFileType = sourcecode.c.h; path = reversi.h; sourceTree = "<group>"; };
		C0837E7229D530E800CA6DEA /* reversi.c */ = {isa = PBXFileReference; lastKnownFileType = sourcecode.c.c; path = reversi.c; sourceTree = "<group>"; };
		C0837E7529D5C21A00CA6DEA /* lab8.h */ = {isa = PBXFileReference; lastKnownFileType = sourcecode.c.h; path = lab8.h; sourceTree = "<group>"; };
		C0837E7629D5C21A00CA6DEA /* lab8.c */ = {isa = PBXFileReference; lastKnownFileType = sourcecode.c.c; path = lab8.c; sourceTree = "<group>"; };
		C0C83443296B939400CF26A7 /* APS105 */ = {isa = PBXFileReference; explicitFileType = "compiled.mach-o.executable"; includeInIndex = 0; path = APS105; sourceTree = BUILT_PRODUCTS_DIR; };
		C0C8344D296B942F00CF26A7 /* lab0.c */ = {isa = PBXFileReference; lastKnownFileType = sourcecode.c.c; path = lab0.c; sourceTree = "<group>"; };
		C0CC9EBA299A7FBF00801D7F /* lab5.c */ = {isa = PBXFileReference; lastKnownFileType = sourcecode.c.c; path = lab5.c; sourceTree = "<group>"; };
		C0CC9EBF299C3FFF00801D7F /* lab5_q2.c */ = {isa = PBXFileReference; lastKnownFileType = sourcecode.c.c; path = lab5_q2.c; sourceTree = "<group>"; };
		C0CC9EC2299C50F800801D7F /* lab5_q3.c */ = {isa = PBXFileReference; lastKnownFileType = sourcecode.c.c; path = lab5_q3.c; sourceTree = "<group>"; };
		C0CC9EC429A2F3ED00801D7F /* lab5_q4.c */ = {isa = PBXFileReference; lastKnownFileType = sourcecode.c.c; path = lab5_q4.c; sourceTree = "<group>"; };
		C0E42D5629735C0700C5B7CF /* lab1.c */ = {isa = PBXFileReference; lastKnownFileType = sourcecode.c.c; path = lab1.c; sourceTree = "<group>"; };
		C0E42D5E297EFBB700C5B7CF /* lab2.c */ = {isa = PBXFileReference; lastKnownFileType = sourcecode.c.c; path = lab2.c; sourceTree = "<group>"; };
		C0E42D64298AC33300C5B7CF /* lab3.c */ = {isa = PBXFileReference; lastKnownFileType = sourcecode.c.c; path = lab3.c; sourceTree = "<group>"; };
		C0E42D6629940F6900C5B7CF /* lab4.c */ = {isa = PBXFileReference; lastKnownFileType = sourcecode.c.c; path = lab4.c; sourceTree = "<group>"; };
		C0E42D692997D8DA00C5B7CF /* lab4_q2.c */ = {isa = PBXFileReference; lastKnownFileType = sourcecode.c.c; path = lab4_q2.c; sourceTree = "<group>"; };
		C0E42D6B2997E03E00C5B7CF /* lab4_q3.c */ = {isa = PBXFileReference; lastKnownFileType = sourcecode.c.c; path = lab4_q3.c; sourceTree = "<group>"; };
		C0E42D6D2997E3F600C5B7CF /* lab4_test.c */ = {isa = PBXFileReference; lastKnownFileType = sourcecode.c.c; path = lab4_test.c; sourceTree = "<group>"; };
/* End PBXFileReference section */

/* Begin PBXFrameworksBuildPhase section */
		C0C83440296B939400CF26A7 /* Frameworks */ = {
			isa = PBXFrameworksBuildPhase;
			buildActionMask = 2147483647;
			files = (
			);
			runOnlyForDeploymentPostprocessing = 0;
		};
/* End PBXFrameworksBuildPhase section */

/* Begin PBXGroup section */
		C06E0CC329B142CE00F6301C /* lab6 */ = {
			isa = PBXGroup;
			children = (
				C06E0CC429B1432000F6301C /* lab6_q1.c */,
				C06E0CC629B2B20700F6301C /* lab6_q2.c */,
				C06E0CC829B2B21A00F6301C /* lab6_q3.c */,
				C06E0CCA29B2B23400F6301C /* lab6_q4.c */,
			);
			path = lab6;
			sourceTree = "<group>";
		};
		C0837E6D29D5309000CA6DEA /* lab7 */ = {
			isa = PBXGroup;
			children = (
				C0837E7129D530E800CA6DEA /* reversi.h */,
				C0837E7229D530E800CA6DEA /* reversi.c */,
			);
			path = lab7;
			sourceTree = "<group>";
		};
		C0837E7429D5C1FE00CA6DEA /* lab8 */ = {
			isa = PBXGroup;
			children = (
				C0837E7529D5C21A00CA6DEA /* lab8.h */,
				C0837E7629D5C21A00CA6DEA /* lab8.c */,
				C01138BF29D9FAFB0003486A /* lab8_part2.c */,
			);
			path = lab8;
			sourceTree = "<group>";
		};
		C0C8343A296B939400CF26A7 = {
			isa = PBXGroup;
			children = (
				C0C83445296B939400CF26A7 /* APS105 */,
				C0C83444296B939400CF26A7 /* Products */,
			);
			sourceTree = "<group>";
		};
		C0C83444296B939400CF26A7 /* Products */ = {
			isa = PBXGroup;
			children = (
				C0C83443296B939400CF26A7 /* APS105 */,
			);
			name = Products;
			sourceTree = "<group>";
		};
		C0C83445296B939400CF26A7 /* APS105 */ = {
			isa = PBXGroup;
			children = (
				C0DB691B296EFD2A0053AF4F /* labs */,
			);
			path = APS105;
			sourceTree = "<group>";
		};
		C0CC9EBE299C3FC900801D7F /* lab5 */ = {
			isa = PBXGroup;
			children = (
				C0CC9EBA299A7FBF00801D7F /* lab5.c */,
				C0CC9EBF299C3FFF00801D7F /* lab5_q2.c */,
				C0CC9EC2299C50F800801D7F /* lab5_q3.c */,
				C0CC9EC429A2F3ED00801D7F /* lab5_q4.c */,
			);
			path = lab5;
			sourceTree = "<group>";
		};
		C0DB691B296EFD2A0053AF4F /* labs */ = {
			isa = PBXGroup;
			children = (
				C0C8344D296B942F00CF26A7 /* lab0.c */,
				C0E42D5629735C0700C5B7CF /* lab1.c */,
				C0E42D5E297EFBB700C5B7CF /* lab2.c */,
				C0E42D64298AC33300C5B7CF /* lab3.c */,
				C0E42D682997D84B00C5B7CF /* lab4 */,
				C0CC9EBE299C3FC900801D7F /* lab5 */,
				C06E0CC329B142CE00F6301C /* lab6 */,
				C0837E6D29D5309000CA6DEA /* lab7 */,
				C0837E7429D5C1FE00CA6DEA /* lab8 */,
			);
			path = labs;
			sourceTree = "<group>";
		};
		C0E42D682997D84B00C5B7CF /* lab4 */ = {
			isa = PBXGroup;
			children = (
				C0E42D6629940F6900C5B7CF /* lab4.c */,
				C0E42D692997D8DA00C5B7CF /* lab4_q2.c */,
				C0E42D6B2997E03E00C5B7CF /* lab4_q3.c */,
				C0E42D6D2997E3F600C5B7CF /* lab4_test.c */,
			);
			path = lab4;
			sourceTree = "<group>";
		};
/* End PBXGroup section */

/* Begin PBXNativeTarget section */
		C0C83442296B939400CF26A7 /* APS105 */ = {
			isa = PBXNativeTarget;
			buildConfigurationList = C0C8344A296B939400CF26A7 /* Build configuration list for PBXNativeTarget "APS105" */;
			buildPhases = (
				C0C8343F296B939400CF26A7 /* Sources */,
				C0C83440296B939400CF26A7 /* Frameworks */,
				C0C83441296B939400CF26A7 /* CopyFiles */,
			);
			buildRules = (
			);
			dependencies = (
			);
			name = APS105;
			productName = APS105;
			productReference = C0C83443296B939400CF26A7 /* APS105 */;
			productType = "com.apple.product-type.tool";
		};
/* End PBXNativeTarget section */

/* Begin PBXProject section */
		C0C8343B296B939400CF26A7 /* Project object */ = {
			isa = PBXProject;
			attributes = {
				BuildIndependentTargetsInParallel = 1;
				LastUpgradeCheck = 1340;
				TargetAttributes = {
					C0C83442296B939400CF26A7 = {
						CreatedOnToolsVersion = 13.4.1;
					};
				};
			};
			buildConfigurationList = C0C8343E296B939400CF26A7 /* Build configuration list for PBXProject "APS105" */;
			compatibilityVersion = "Xcode 13.0";
			developmentRegion = en;
			hasScannedForEncodings = 0;
			knownRegions = (
				en,
				Base,
			);
			mainGroup = C0C8343A296B939400CF26A7;
			productRefGroup = C0C83444296B939400CF26A7 /* Products */;
			projectDirPath = "";
			projectRoot = "";
			targets = (
				C0C83442296B939400CF26A7 /* APS105 */,
			);
		};
/* End PBXProject section */

/* Begin PBXSourcesBuildPhase section */
		C0C8343F296B939400CF26A7 /* Sources */ = {
			isa = PBXSourcesBuildPhase;
			buildActionMask = 2147483647;
			files = (
				C0CC9EC0299C3FFF00801D7F /* lab5_q2.c in Sources */,
				C0CC9EBB299A7FBF00801D7F /* lab5.c in Sources */,
				C06E0CC929B2B21A00F6301C /* lab6_q3.c in Sources */,
				C06E0CC529B1432100F6301C /* lab6_q1.c in Sources */,
				C0CC9EC529A2F3ED00801D7F /* lab5_q4.c in Sources */,
				C06E0CC729B2B20700F6301C /* lab6_q2.c in Sources */,
				C0CC9EC3299C50F800801D7F /* lab5_q3.c in Sources */,
				C0E42D5F297EFBB700C5B7CF /* lab2.c in Sources */,
				C0E42D65298AC33300C5B7CF /* lab3.c in Sources */,
				C0C8344E296B942F00CF26A7 /* lab0.c in Sources */,
				C0837E7729D5C21A00CA6DEA /* lab8.c in Sources */,
				C0837E7329D530E800CA6DEA /* reversi.c in Sources */,
				C01138C029D9FAFB0003486A /* lab8_part2.c in Sources */,
				C0E42D6729940F6900C5B7CF /* lab4.c in Sources */,
				C0E42D6A2997D8DA00C5B7CF /* lab4_q2.c in Sources */,
				C0E42D6E2997E3F600C5B7CF /* lab4_test.c in Sources */,
				C0E42D6C2997E03E00C5B7CF /* lab4_q3.c in Sources */,
				C06E0CCB29B2B23400F6301C /* lab6_q4.c in Sources */,
				C0E42D5729735C0700C5B7CF /* lab1.c in Sources */,
			);
			runOnlyForDeploymentPostprocessing = 0;
		};
/* End PBXSourcesBuildPhase section */

/* Begin XCBuildConfiguration section */
		C0C83448296B939400CF26A7 /* Debug */ = {
			isa = XCBuildConfiguration;
			buildSettings = {
				ALWAYS_SEARCH_USER_PATHS = NO;
				CLANG_ANALYZER_NONNULL = YES;
				CLANG_ANALYZER_NUMBER_OBJECT_CONVERSION = YES_AGGRESSIVE;
				CLANG_CXX_LANGUAGE_STANDARD = "gnu++17";
				CLANG_ENABLE_MODULES = YES;
				CLANG_ENABLE_OBJC_ARC = YES;
				CLANG_ENABLE_OBJC_WEAK = YES;
				CLANG_WARN_BLOCK_CAPTURE_AUTORELEASING = YES;
				CLANG_WARN_BOOL_CONVERSION = YES;
				CLANG_WARN_COMMA = YES;
				CLANG_WARN_CONSTANT_CONVERSION = YES;
				CLANG_WARN_DEPRECATED_OBJC_IMPLEMENTATIONS = YES;
				CLANG_WARN_DIRECT_OBJC_ISA_USAGE = YES_ERROR;
				CLANG_WARN_DOCUMENTATION_COMMENTS = YES;
				CLANG_WARN_EMPTY_BODY = YES;
				CLANG_WARN_ENUM_CONVERSION = YES;
				CLANG_WARN_INFINITE_RECURSION = YES;
				CLANG_WARN_INT_CONVERSION = YES;
				CLANG_WARN_NON_LITERAL_NULL_CONVERSION = YES;
				CLANG_WARN_OBJC_IMPLICIT_RETAIN_SELF = YES;
				CLANG_WARN_OBJC_LITERAL_CONVERSION = YES;
				CLANG_WARN_OBJC_ROOT_CLASS = YES_ERROR;
				CLANG_WARN_QUOTED_INCLUDE_IN_FRAMEWORK_HEADER = YES;
				CLANG_WARN_RANGE_LOOP_ANALYSIS = YES;
				CLANG_WARN_STRICT_PROTOTYPES = YES;
				CLANG_WARN_SUSPICIOUS_MOVE = YES;
				CLANG_WARN_UNGUARDED_AVAILABILITY = YES_AGGRESSIVE;
				CLANG_WARN_UNREACHABLE_CODE = YES;
				CLANG_WARN__DUPLICATE_METHOD_MATCH = YES;
				COPY_PHASE_STRIP = NO;
				DEBUG_INFORMATION_FORMAT = dwarf;
				ENABLE_STRICT_OBJC_MSGSEND = YES;
				ENABLE_TESTABILITY = YES;
				GCC_C_LANGUAGE_STANDARD = gnu11;
				GCC_DYNAMIC_NO_PIC = NO;
				GCC_NO_COMMON_BLOCKS = YES;
				GCC_OPTIMIZATION_LEVEL = 0;
				GCC_PREPROCESSOR_DEFINITIONS = (
					"DEBUG=1",
					"$(inherited)",
				);
				GCC_WARN_64_TO_32_BIT_CONVERSION = YES;
				GCC_WARN_ABOUT_RETURN_TYPE = YES_ERROR;
				GCC_WARN_UNDECLARED_SELECTOR = YES;
				GCC_WARN_UNINITIALIZED_AUTOS = YES_AGGRESSIVE;
				GCC_WARN_UNUSED_FUNCTION = YES;
				GCC_WARN_UNUSED_VARIABLE = YES;
				MACOSX_DEPLOYMENT_TARGET = 12.3;
				MTL_ENABLE_DEBUG_INFO = INCLUDE_SOURCE;
				MTL_FAST_MATH = YES;
				ONLY_ACTIVE_ARCH = YES;
				SDKROOT = macosx;
			};
			name = Debug;
		};
		C0C83449296B939400CF26A7 /* Release */ = {
			isa = XCBuildConfiguration;
			buildSettings = {
				ALWAYS_SEARCH_USER_PATHS = NO;
				CLANG_ANALYZER_NONNULL = YES;
				CLANG_ANALYZER_NUMBER_OBJECT_CONVERSION = YES_AGGRESSIVE;
				CLANG_CXX_LANGUAGE_STANDARD = "gnu++17";
				CLANG_ENABLE_MODULES = YES;
				CLANG_ENABLE_OBJC_ARC = YES;
				CLANG_ENABLE_OBJC_WEAK = YES;
				CLANG_WARN_BLOCK_CAPTURE_AUTORELEASING = YES;
				CLANG_WARN_BOOL_CONVERSION = YES;
				CLANG_WARN_COMMA = YES;
				CLANG_WARN_CONSTANT_CONVERSION = YES;
				CLANG_WARN_DEPRECATED_OBJC_IMPLEMENTATIONS = YES;
				CLANG_WARN_DIRECT_OBJC_ISA_USAGE = YES_ERROR;
				CLANG_WARN_DOCUMENTATION_COMMENTS = YES;
				CLANG_WARN_EMPTY_BODY = YES;
				CLANG_WARN_ENUM_CONVERSION = YES;
				CLANG_WARN_INFINITE_RECURSION = YES;
				CLANG_WARN_INT_CONVERSION = YES;
				CLANG_WARN_NON_LITERAL_NULL_CONVERSION = YES;
				CLANG_WARN_OBJC_IMPLICIT_RETAIN_SELF = YES;
				CLANG_WARN_OBJC_LITERAL_CONVERSION = YES;
				CLANG_WARN_OBJC_ROOT_CLASS = YES_ERROR;
				CLANG_WARN_QUOTED_INCLUDE_IN_FRAMEWORK_HEADER = YES;
				CLANG_WARN_RANGE_LOOP_ANALYSIS = YES;
				CLANG_WARN_STRICT_PROTOTYPES = YES;
				CLANG_WARN_SUSPICIOUS_MOVE = YES;
				CLANG_WARN_UNGUARDED_AVAILABILITY = YES_AGGRESSIVE;
				CLANG_WARN_UNREACHABLE_CODE = YES;
				CLANG_WARN__DUPLICATE_METHOD_MATCH = YES;
				COPY_PHASE_STRIP = NO;
				DEBUG_INFORMATION_FORMAT = "dwarf-with-dsym";
				ENABLE_NS_ASSERTIONS = NO;
				ENABLE_STRICT_OBJC_MSGSEND = YES;
				GCC_C_LANGUAGE_STANDARD = gnu11;
				GCC_NO_COMMON_BLOCKS = YES;
				GCC_WARN_64_TO_32_BIT_CONVERSION = YES;
				GCC_WARN_ABOUT_RETURN_TYPE = YES_ERROR;
				GCC_WARN_UNDECLARED_SELECTOR = YES;
				GCC_WARN_UNINITIALIZED_AUTOS = YES_AGGRESSIVE;
				GCC_WARN_UNUSED_FUNCTION = YES;
				GCC_WARN_UNUSED_VARIABLE = YES;
				MACOSX_DEPLOYMENT_TARGET = 12.3;
				MTL_ENABLE_DEBUG_INFO = NO;
				MTL_FAST_MATH = YES;
				SDKROOT = macosx;
			};
			name = Release;
		};
		C0C8344B296B939400CF26A7 /* Debug */ = {
			isa = XCBuildConfiguration;
			buildSettings = {
				CODE_SIGN_STYLE = Automatic;
				DEVELOPMENT_TEAM = KANKGQS5CH;
				ENABLE_HARDENED_RUNTIME = YES;
				PRODUCT_NAME = "$(TARGET_NAME)";
			};
			name = Debug;
		};
		C0C8344C296B939400CF26A7 /* Release */ = {
			isa = XCBuildConfiguration;
			buildSettings = {
				CODE_SIGN_STYLE = Automatic;
				DEVELOPMENT_TEAM = KANKGQS5CH;
				ENABLE_HARDENED_RUNTIME = YES;
				PRODUCT_NAME = "$(TARGET_NAME)";
			};
			name = Release;
		};
/* End XCBuildConfiguration section */

/* Begin XCConfigurationList section */
		C0C8343E296B939400CF26A7 /* Build configuration list for PBXProject "APS105" */ = {
			isa = XCConfigurationList;
			buildConfigurations = (
				C0C83448296B939400CF26A7 /* Debug */,
				C0C83449296B939400CF26A7 /* Release */,
			);
			defaultConfigurationIsVisible = 0;
			defaultConfigurationName = Release;
		};
		C0C8344A296B939400CF26A7 /* Build configuration list for PBXNativeTarget "APS105" */ = {
			isa = XCConfigurationList;
			buildConfigurations = (
				C0C8344B296B939400CF26A7 /* Debug */,
				C0C8344C296B939400CF26A7 /* Release */,
			);
			defaultConfigurationIsVisible = 0;
			defaultConfigurationName = Release;
		};
/* End XCConfigurationList section */
	};
	rootObject = C0C8343B296B939400CF26A7 /* Project object */;
}
